
Microsoft Visual Studio Solution File, Format Version 12.00
# Visual Studio Version 16
VisualStudioVersion = 16.0.29230.47
MinimumVisualStudioVersion = 10.0.40219.1
Project("{FAE04EC0-301F-11D3-BF4B-00C04F79EFBC}") = "eQuantic.Core.CQS", "src\eQuantic.Core.CQS\eQuantic.Core.CQS.csproj", "{2927F49F-901E-4102-B1A9-044DEA46E63C}"
EndProject
Project("{FAE04EC0-301F-11D3-BF4B-00C04F79EFBC}") = "eQuantic.Core.CQS.Tests", "tests\eQuantic.Core.CQS.Tests\eQuantic.Core.CQS.Tests.csproj", "{4838E7D9-4E79-4755-BDCD-7FE672124500}"
EndProject
Project("{FAE04EC0-301F-11D3-BF4B-00C04F79EFBC}") = "eQuantic.CQS.Example", "samples\eQuantic.CQS.Example\eQuantic.CQS.Example.csproj", "{B4A2410A-F920-499B-AB49-CE4D4B461A86}"
EndProject
Project("{2150E333-8FDC-42A3-9474-1A3956D46DE8}") = "samples", "samples", "{DF10EB10-E8EA-11E9-BA4B-E9B8B07D51EC}"
EndProject
Project("{FAE04EC0-301F-11D3-BF4B-00C04F79EFBC}") = "eQuantic.Core.CQS.Generators", "src\eQuantic.Core.CQS.Generators\eQuantic.Core.CQS.Generators.csproj", "{B63168B8-ACEF-4874-BF9E-11496A1E1B9A}"
EndProject
Project("{FAE04EC0-301F-11D3-BF4B-00C04F79EFBC}") = "eQuantic.Core.CQS.Redis", "src\eQuantic.Core.CQS.Redis\eQuantic.Core.CQS.Redis.csproj", "{302C1D29-A432-4925-928F-955803D0137B}"
EndProject
Project("{FAE04EC0-301F-11D3-BF4B-00C04F79EFBC}") = "eQuantic.Core.CQS.MongoDb", "src\eQuantic.Core.CQS.MongoDb\eQuantic.Core.CQS.MongoDb.csproj", "{E00D2DA7-1183-4C12-826F-40B83E835685}"
EndProject
Project("{FAE04EC0-301F-11D3-BF4B-00C04F79EFBC}") = "eQuantic.Core.CQS.PostgreSql", "src\eQuantic.Core.CQS.PostgreSql\eQuantic.Core.CQS.PostgreSql.csproj", "{8A013AA3-7957-4463-A337-7BE46BB11260}"
EndProject
Project("{FAE04EC0-301F-11D3-BF4B-00C04F79EFBC}") = "eQuantic.Core.CQS.EntityFramework", "src\eQuantic.Core.CQS.EntityFramework\eQuantic.Core.CQS.EntityFramework.csproj", "{0071E324-9679-4713-A92E-27C3A2F7C4A9}"
EndProject
Project("{2150E333-8FDC-42A3-9474-1A3956D46DE8}") = "src", "src", "{C19C2043-43B7-4A6B-A902-E7359700ABC4}"
EndProject
Project("{2150E333-8FDC-42A3-9474-1A3956D46DE8}") = "tests", "tests", "{9B4F9847-D589-4671-9EB6-5E8A6E14F6E7}"
EndProject
Project("{FAE04EC0-301F-11D3-BF4B-00C04F79EFBC}") = "eQuantic.Core.CQS.Abstractions", "src\eQuantic.Core.CQS.Abstractions\eQuantic.Core.CQS.Abstractions.csproj", "{64664BA8-F79E-4ACC-ABC9-3CA77FE7AA9B}"
EndProject
Project("{2150E333-8FDC-42A3-9474-1A3956D46DE8}") = "root", "root", "{85237D52-93F6-47F1-BD5F-BBE26858D38A}"
	ProjectSection(SolutionItems) = preProject
		LICENSE = LICENSE
		README.md = README.md
		GitVersion.yml = GitVersion.yml
	EndProjectSection
EndProject
Project("{FAE04EC0-301F-11D3-BF4B-00C04F79EFBC}") = "eQuantic.Core.CQS.Azure", "src\eQuantic.Core.CQS.Azure\eQuantic.Core.CQS.Azure.csproj", "{50FCE47E-25EC-45CF-B33E-CFAEC279D18E}"
EndProject
Project("{FAE04EC0-301F-11D3-BF4B-00C04F79EFBC}") = "eQuantic.Core.CQS.AWS", "src\eQuantic.Core.CQS.AWS\eQuantic.Core.CQS.AWS.csproj", "{B4045ECC-DD90-4EAB-AE33-779B933ED05D}"
EndProject
Project("{FAE04EC0-301F-11D3-BF4B-00C04F79EFBC}") = "eQuantic.Core.CQS.Redis.Tests", "tests\eQuantic.Core.CQS.Redis.Tests\eQuantic.Core.CQS.Redis.Tests.csproj", "{1B71BAFF-E52F-45F2-99B1-911956D59441}"
EndProject
Project("{FAE04EC0-301F-11D3-BF4B-00C04F79EFBC}") = "eQuantic.Core.CQS.Tests.Commons", "tests\eQuantic.Core.CQS.Tests.Commons\eQuantic.Core.CQS.Tests.Commons.csproj", "{50E73FD4-15A9-4584-98D3-1CC1576ACF4B}"
EndProject
Project("{FAE04EC0-301F-11D3-BF4B-00C04F79EFBC}") = "eQuantic.Core.CQS.MongoDb.Tests", "tests\eQuantic.Core.CQS.MongoDb.Tests\eQuantic.Core.CQS.MongoDb.Tests.csproj", "{CD2AAF40-86E9-4394-B0F6-373836AC946D}"
EndProject
Project("{FAE04EC0-301F-11D3-BF4B-00C04F79EFBC}") = "eQuantic.Core.CQS.PostgreSql.Tests", "tests\eQuantic.Core.CQS.PostgreSql.Tests\eQuantic.Core.CQS.PostgreSql.Tests.csproj", "{F6842A74-5D3F-4123-815B-25BB03DC0216}"
EndProject
Project("{FAE04EC0-301F-11D3-BF4B-00C04F79EFBC}") = "eQuantic.Core.CQS.EntityFramework.Tests", "tests\eQuantic.Core.CQS.EntityFramework.Tests\eQuantic.Core.CQS.EntityFramework.Tests.csproj", "{ED4A5EE3-9DED-4790-80F9-50C8A89B0F02}"
EndProject
Project("{FAE04EC0-301F-11D3-BF4B-00C04F79EFBC}") = "eQuantic.Core.CQS.Azure.Tests", "tests\eQuantic.Core.CQS.Azure.Tests\eQuantic.Core.CQS.Azure.Tests.csproj", "{38BFB962-5D81-472D-981B-77F71A3056FC}"
EndProject
Project("{FAE04EC0-301F-11D3-BF4B-00C04F79EFBC}") = "eQuantic.Core.CQS.AWS.Tests", "tests\eQuantic.Core.CQS.AWS.Tests\eQuantic.Core.CQS.AWS.Tests.csproj", "{514E220C-5BED-4976-9BED-64332A6A8DC1}"
EndProject
Project("{FAE04EC0-301F-11D3-BF4B-00C04F79EFBC}") = "eQuantic.Core.CQS.OpenTelemetry", "src\eQuantic.Core.CQS.OpenTelemetry\eQuantic.Core.CQS.OpenTelemetry.csproj", "{269B6578-BBB7-4F1E-9452-40254C511994}"
EndProject
Project("{FAE04EC0-301F-11D3-BF4B-00C04F79EFBC}") = "eQuantic.Core.CQS.Resilience", "src\eQuantic.Core.CQS.Resilience\eQuantic.Core.CQS.Resilience.csproj", "{AFC235B9-74FA-4796-8A6C-E74F42BFC2CA}"
EndProject
Project("{FAE04EC0-301F-11D3-BF4B-00C04F79EFBC}") = "eQuantic.Core.CQS.OpenTelemetry.Tests", "tests\eQuantic.Core.CQS.OpenTelemetry.Tests\eQuantic.Core.CQS.OpenTelemetry.Tests.csproj", "{0D1990A8-0666-41D5-B5D4-0D806556D8A4}"
EndProject
Project("{FAE04EC0-301F-11D3-BF4B-00C04F79EFBC}") = "eQuantic.Core.CQS.Resilience.Tests", "tests\eQuantic.Core.CQS.Resilience.Tests\eQuantic.Core.CQS.Resilience.Tests.csproj", "{4ADCC32A-FEA7-4B8A-825D-37A6F0A380CA}"
EndProject
Project("{FAE04EC0-301F-11D3-BF4B-00C04F79EFBC}") = "eQuantic.Core.CQS.ApplicationInsights", "src\eQuantic.Core.CQS.ApplicationInsights\eQuantic.Core.CQS.ApplicationInsights.csproj", "{BFDE4054-7D6F-446C-B0D4-28D1051290FD}"
EndProject
Project("{FAE04EC0-301F-11D3-BF4B-00C04F79EFBC}") = "eQuantic.Core.CQS.Datadog", "src\eQuantic.Core.CQS.Datadog\eQuantic.Core.CQS.Datadog.csproj", "{847F2DB5-3FEB-4FCC-9C72-E3412D573E0B}"
EndProject
Project("{FAE04EC0-301F-11D3-BF4B-00C04F79EFBC}") = "eQuantic.Core.CQS.Polly", "src\eQuantic.Core.CQS.Polly\eQuantic.Core.CQS.Polly.csproj", "{C92938A8-1244-428B-A991-E77771B6B9B0}"
EndProject
Project("{FAE04EC0-301F-11D3-BF4B-00C04F79EFBC}") = "eQuantic.Core.CQS.Resilience.Redis", "src\eQuantic.Core.CQS.Resilience.Redis\eQuantic.Core.CQS.Resilience.Redis.csproj", "{E5EE7203-3750-498E-A6D3-9F37EA76CFDA}"
EndProject
Project("{FAE04EC0-301F-11D3-BF4B-00C04F79EFBC}") = "eQuantic.Core.CQS.Resilience.ServiceBus", "src\eQuantic.Core.CQS.Resilience.ServiceBus\eQuantic.Core.CQS.Resilience.ServiceBus.csproj", "{7F8A7667-48E2-4059-A0D7-78A2B53D8F8E}"
EndProject
Global
	GlobalSection(SolutionConfigurationPlatforms) = preSolution
		Debug|Any CPU = Debug|Any CPU
		Debug|x64 = Debug|x64
		Debug|x86 = Debug|x86
		Release|Any CPU = Release|Any CPU
		Release|x64 = Release|x64
		Release|x86 = Release|x86
	EndGlobalSection
	GlobalSection(ProjectConfigurationPlatforms) = postSolution
		{2927F49F-901E-4102-B1A9-044DEA46E63C}.Debug|Any CPU.ActiveCfg = Debug|Any CPU
		{2927F49F-901E-4102-B1A9-044DEA46E63C}.Debug|Any CPU.Build.0 = Debug|Any CPU
		{2927F49F-901E-4102-B1A9-044DEA46E63C}.Debug|x64.ActiveCfg = Debug|Any CPU
		{2927F49F-901E-4102-B1A9-044DEA46E63C}.Debug|x64.Build.0 = Debug|Any CPU
		{2927F49F-901E-4102-B1A9-044DEA46E63C}.Debug|x86.ActiveCfg = Debug|Any CPU
		{2927F49F-901E-4102-B1A9-044DEA46E63C}.Debug|x86.Build.0 = Debug|Any CPU
		{2927F49F-901E-4102-B1A9-044DEA46E63C}.Release|Any CPU.ActiveCfg = Release|Any CPU
		{2927F49F-901E-4102-B1A9-044DEA46E63C}.Release|Any CPU.Build.0 = Release|Any CPU
		{2927F49F-901E-4102-B1A9-044DEA46E63C}.Release|x64.ActiveCfg = Release|Any CPU
		{2927F49F-901E-4102-B1A9-044DEA46E63C}.Release|x64.Build.0 = Release|Any CPU
		{2927F49F-901E-4102-B1A9-044DEA46E63C}.Release|x86.ActiveCfg = Release|Any CPU
		{2927F49F-901E-4102-B1A9-044DEA46E63C}.Release|x86.Build.0 = Release|Any CPU
		{4838E7D9-4E79-4755-BDCD-7FE672124500}.Debug|Any CPU.ActiveCfg = Debug|Any CPU
		{4838E7D9-4E79-4755-BDCD-7FE672124500}.Debug|Any CPU.Build.0 = Debug|Any CPU
		{4838E7D9-4E79-4755-BDCD-7FE672124500}.Debug|x64.ActiveCfg = Debug|Any CPU
		{4838E7D9-4E79-4755-BDCD-7FE672124500}.Debug|x64.Build.0 = Debug|Any CPU
		{4838E7D9-4E79-4755-BDCD-7FE672124500}.Debug|x86.ActiveCfg = Debug|Any CPU
		{4838E7D9-4E79-4755-BDCD-7FE672124500}.Debug|x86.Build.0 = Debug|Any CPU
		{4838E7D9-4E79-4755-BDCD-7FE672124500}.Release|Any CPU.ActiveCfg = Release|Any CPU
		{4838E7D9-4E79-4755-BDCD-7FE672124500}.Release|Any CPU.Build.0 = Release|Any CPU
		{4838E7D9-4E79-4755-BDCD-7FE672124500}.Release|x64.ActiveCfg = Release|Any CPU
		{4838E7D9-4E79-4755-BDCD-7FE672124500}.Release|x64.Build.0 = Release|Any CPU
		{4838E7D9-4E79-4755-BDCD-7FE672124500}.Release|x86.ActiveCfg = Release|Any CPU
		{4838E7D9-4E79-4755-BDCD-7FE672124500}.Release|x86.Build.0 = Release|Any CPU
		{B4A2410A-F920-499B-AB49-CE4D4B461A86}.Debug|Any CPU.ActiveCfg = Debug|Any CPU
		{B4A2410A-F920-499B-AB49-CE4D4B461A86}.Debug|Any CPU.Build.0 = Debug|Any CPU
		{B4A2410A-F920-499B-AB49-CE4D4B461A86}.Debug|x64.ActiveCfg = Debug|Any CPU
		{B4A2410A-F920-499B-AB49-CE4D4B461A86}.Debug|x64.Build.0 = Debug|Any CPU
		{B4A2410A-F920-499B-AB49-CE4D4B461A86}.Debug|x86.ActiveCfg = Debug|Any CPU
		{B4A2410A-F920-499B-AB49-CE4D4B461A86}.Debug|x86.Build.0 = Debug|Any CPU
		{B4A2410A-F920-499B-AB49-CE4D4B461A86}.Release|Any CPU.ActiveCfg = Release|Any CPU
		{B4A2410A-F920-499B-AB49-CE4D4B461A86}.Release|Any CPU.Build.0 = Release|Any CPU
		{B4A2410A-F920-499B-AB49-CE4D4B461A86}.Release|x64.ActiveCfg = Release|Any CPU
		{B4A2410A-F920-499B-AB49-CE4D4B461A86}.Release|x64.Build.0 = Release|Any CPU
		{B4A2410A-F920-499B-AB49-CE4D4B461A86}.Release|x86.ActiveCfg = Release|Any CPU
		{B4A2410A-F920-499B-AB49-CE4D4B461A86}.Release|x86.Build.0 = Release|Any CPU
		{B63168B8-ACEF-4874-BF9E-11496A1E1B9A}.Debug|Any CPU.ActiveCfg = Debug|Any CPU
		{B63168B8-ACEF-4874-BF9E-11496A1E1B9A}.Debug|Any CPU.Build.0 = Debug|Any CPU
		{B63168B8-ACEF-4874-BF9E-11496A1E1B9A}.Debug|x64.ActiveCfg = Debug|Any CPU
		{B63168B8-ACEF-4874-BF9E-11496A1E1B9A}.Debug|x64.Build.0 = Debug|Any CPU
		{B63168B8-ACEF-4874-BF9E-11496A1E1B9A}.Debug|x86.ActiveCfg = Debug|Any CPU
		{B63168B8-ACEF-4874-BF9E-11496A1E1B9A}.Debug|x86.Build.0 = Debug|Any CPU
		{B63168B8-ACEF-4874-BF9E-11496A1E1B9A}.Release|Any CPU.ActiveCfg = Release|Any CPU
		{B63168B8-ACEF-4874-BF9E-11496A1E1B9A}.Release|Any CPU.Build.0 = Release|Any CPU
		{B63168B8-ACEF-4874-BF9E-11496A1E1B9A}.Release|x64.ActiveCfg = Release|Any CPU
		{B63168B8-ACEF-4874-BF9E-11496A1E1B9A}.Release|x64.Build.0 = Release|Any CPU
		{B63168B8-ACEF-4874-BF9E-11496A1E1B9A}.Release|x86.ActiveCfg = Release|Any CPU
		{B63168B8-ACEF-4874-BF9E-11496A1E1B9A}.Release|x86.Build.0 = Release|Any CPU
		{302C1D29-A432-4925-928F-955803D0137B}.Debug|Any CPU.ActiveCfg = Debug|Any CPU
		{302C1D29-A432-4925-928F-955803D0137B}.Debug|Any CPU.Build.0 = Debug|Any CPU
		{302C1D29-A432-4925-928F-955803D0137B}.Debug|x64.ActiveCfg = Debug|Any CPU
		{302C1D29-A432-4925-928F-955803D0137B}.Debug|x64.Build.0 = Debug|Any CPU
		{302C1D29-A432-4925-928F-955803D0137B}.Debug|x86.ActiveCfg = Debug|Any CPU
		{302C1D29-A432-4925-928F-955803D0137B}.Debug|x86.Build.0 = Debug|Any CPU
		{302C1D29-A432-4925-928F-955803D0137B}.Release|Any CPU.ActiveCfg = Release|Any CPU
		{302C1D29-A432-4925-928F-955803D0137B}.Release|Any CPU.Build.0 = Release|Any CPU
		{302C1D29-A432-4925-928F-955803D0137B}.Release|x64.ActiveCfg = Release|Any CPU
		{302C1D29-A432-4925-928F-955803D0137B}.Release|x64.Build.0 = Release|Any CPU
		{302C1D29-A432-4925-928F-955803D0137B}.Release|x86.ActiveCfg = Release|Any CPU
		{302C1D29-A432-4925-928F-955803D0137B}.Release|x86.Build.0 = Release|Any CPU
		{E00D2DA7-1183-4C12-826F-40B83E835685}.Debug|Any CPU.ActiveCfg = Debug|Any CPU
		{E00D2DA7-1183-4C12-826F-40B83E835685}.Debug|Any CPU.Build.0 = Debug|Any CPU
		{E00D2DA7-1183-4C12-826F-40B83E835685}.Debug|x64.ActiveCfg = Debug|Any CPU
		{E00D2DA7-1183-4C12-826F-40B83E835685}.Debug|x64.Build.0 = Debug|Any CPU
		{E00D2DA7-1183-4C12-826F-40B83E835685}.Debug|x86.ActiveCfg = Debug|Any CPU
		{E00D2DA7-1183-4C12-826F-40B83E835685}.Debug|x86.Build.0 = Debug|Any CPU
		{E00D2DA7-1183-4C12-826F-40B83E835685}.Release|Any CPU.ActiveCfg = Release|Any CPU
		{E00D2DA7-1183-4C12-826F-40B83E835685}.Release|Any CPU.Build.0 = Release|Any CPU
		{E00D2DA7-1183-4C12-826F-40B83E835685}.Release|x64.ActiveCfg = Release|Any CPU
		{E00D2DA7-1183-4C12-826F-40B83E835685}.Release|x64.Build.0 = Release|Any CPU
		{E00D2DA7-1183-4C12-826F-40B83E835685}.Release|x86.ActiveCfg = Release|Any CPU
		{E00D2DA7-1183-4C12-826F-40B83E835685}.Release|x86.Build.0 = Release|Any CPU
		{8A013AA3-7957-4463-A337-7BE46BB11260}.Debug|Any CPU.ActiveCfg = Debug|Any CPU
		{8A013AA3-7957-4463-A337-7BE46BB11260}.Debug|Any CPU.Build.0 = Debug|Any CPU
		{8A013AA3-7957-4463-A337-7BE46BB11260}.Debug|x64.ActiveCfg = Debug|Any CPU
		{8A013AA3-7957-4463-A337-7BE46BB11260}.Debug|x64.Build.0 = Debug|Any CPU
		{8A013AA3-7957-4463-A337-7BE46BB11260}.Debug|x86.ActiveCfg = Debug|Any CPU
		{8A013AA3-7957-4463-A337-7BE46BB11260}.Debug|x86.Build.0 = Debug|Any CPU
		{8A013AA3-7957-4463-A337-7BE46BB11260}.Release|Any CPU.ActiveCfg = Release|Any CPU
		{8A013AA3-7957-4463-A337-7BE46BB11260}.Release|Any CPU.Build.0 = Release|Any CPU
		{8A013AA3-7957-4463-A337-7BE46BB11260}.Release|x64.ActiveCfg = Release|Any CPU
		{8A013AA3-7957-4463-A337-7BE46BB11260}.Release|x64.Build.0 = Release|Any CPU
		{8A013AA3-7957-4463-A337-7BE46BB11260}.Release|x86.ActiveCfg = Release|Any CPU
		{8A013AA3-7957-4463-A337-7BE46BB11260}.Release|x86.Build.0 = Release|Any CPU
		{0071E324-9679-4713-A92E-27C3A2F7C4A9}.Debug|Any CPU.ActiveCfg = Debug|Any CPU
		{0071E324-9679-4713-A92E-27C3A2F7C4A9}.Debug|Any CPU.Build.0 = Debug|Any CPU
		{0071E324-9679-4713-A92E-27C3A2F7C4A9}.Debug|x64.ActiveCfg = Debug|Any CPU
		{0071E324-9679-4713-A92E-27C3A2F7C4A9}.Debug|x64.Build.0 = Debug|Any CPU
		{0071E324-9679-4713-A92E-27C3A2F7C4A9}.Debug|x86.ActiveCfg = Debug|Any CPU
		{0071E324-9679-4713-A92E-27C3A2F7C4A9}.Debug|x86.Build.0 = Debug|Any CPU
		{0071E324-9679-4713-A92E-27C3A2F7C4A9}.Release|Any CPU.ActiveCfg = Release|Any CPU
		{0071E324-9679-4713-A92E-27C3A2F7C4A9}.Release|Any CPU.Build.0 = Release|Any CPU
		{0071E324-9679-4713-A92E-27C3A2F7C4A9}.Release|x64.ActiveCfg = Release|Any CPU
		{0071E324-9679-4713-A92E-27C3A2F7C4A9}.Release|x64.Build.0 = Release|Any CPU
		{0071E324-9679-4713-A92E-27C3A2F7C4A9}.Release|x86.ActiveCfg = Release|Any CPU
		{0071E324-9679-4713-A92E-27C3A2F7C4A9}.Release|x86.Build.0 = Release|Any CPU
		{64664BA8-F79E-4ACC-ABC9-3CA77FE7AA9B}.Debug|Any CPU.ActiveCfg = Debug|Any CPU
		{64664BA8-F79E-4ACC-ABC9-3CA77FE7AA9B}.Debug|Any CPU.Build.0 = Debug|Any CPU
		{64664BA8-F79E-4ACC-ABC9-3CA77FE7AA9B}.Debug|x64.ActiveCfg = Debug|Any CPU
		{64664BA8-F79E-4ACC-ABC9-3CA77FE7AA9B}.Debug|x64.Build.0 = Debug|Any CPU
		{64664BA8-F79E-4ACC-ABC9-3CA77FE7AA9B}.Debug|x86.ActiveCfg = Debug|Any CPU
		{64664BA8-F79E-4ACC-ABC9-3CA77FE7AA9B}.Debug|x86.Build.0 = Debug|Any CPU
		{64664BA8-F79E-4ACC-ABC9-3CA77FE7AA9B}.Release|Any CPU.ActiveCfg = Release|Any CPU
		{64664BA8-F79E-4ACC-ABC9-3CA77FE7AA9B}.Release|Any CPU.Build.0 = Release|Any CPU
		{64664BA8-F79E-4ACC-ABC9-3CA77FE7AA9B}.Release|x64.ActiveCfg = Release|Any CPU
		{64664BA8-F79E-4ACC-ABC9-3CA77FE7AA9B}.Release|x64.Build.0 = Release|Any CPU
		{64664BA8-F79E-4ACC-ABC9-3CA77FE7AA9B}.Release|x86.ActiveCfg = Release|Any CPU
		{64664BA8-F79E-4ACC-ABC9-3CA77FE7AA9B}.Release|x86.Build.0 = Release|Any CPU
		{50FCE47E-25EC-45CF-B33E-CFAEC279D18E}.Debug|Any CPU.ActiveCfg = Debug|Any CPU
		{50FCE47E-25EC-45CF-B33E-CFAEC279D18E}.Debug|Any CPU.Build.0 = Debug|Any CPU
		{50FCE47E-25EC-45CF-B33E-CFAEC279D18E}.Debug|x64.ActiveCfg = Debug|Any CPU
		{50FCE47E-25EC-45CF-B33E-CFAEC279D18E}.Debug|x64.Build.0 = Debug|Any CPU
		{50FCE47E-25EC-45CF-B33E-CFAEC279D18E}.Debug|x86.ActiveCfg = Debug|Any CPU
		{50FCE47E-25EC-45CF-B33E-CFAEC279D18E}.Debug|x86.Build.0 = Debug|Any CPU
		{50FCE47E-25EC-45CF-B33E-CFAEC279D18E}.Release|Any CPU.ActiveCfg = Release|Any CPU
		{50FCE47E-25EC-45CF-B33E-CFAEC279D18E}.Release|Any CPU.Build.0 = Release|Any CPU
		{50FCE47E-25EC-45CF-B33E-CFAEC279D18E}.Release|x64.ActiveCfg = Release|Any CPU
		{50FCE47E-25EC-45CF-B33E-CFAEC279D18E}.Release|x64.Build.0 = Release|Any CPU
		{50FCE47E-25EC-45CF-B33E-CFAEC279D18E}.Release|x86.ActiveCfg = Release|Any CPU
		{50FCE47E-25EC-45CF-B33E-CFAEC279D18E}.Release|x86.Build.0 = Release|Any CPU
		{B4045ECC-DD90-4EAB-AE33-779B933ED05D}.Debug|Any CPU.ActiveCfg = Debug|Any CPU
		{B4045ECC-DD90-4EAB-AE33-779B933ED05D}.Debug|Any CPU.Build.0 = Debug|Any CPU
		{B4045ECC-DD90-4EAB-AE33-779B933ED05D}.Debug|x64.ActiveCfg = Debug|Any CPU
		{B4045ECC-DD90-4EAB-AE33-779B933ED05D}.Debug|x64.Build.0 = Debug|Any CPU
		{B4045ECC-DD90-4EAB-AE33-779B933ED05D}.Debug|x86.ActiveCfg = Debug|Any CPU
		{B4045ECC-DD90-4EAB-AE33-779B933ED05D}.Debug|x86.Build.0 = Debug|Any CPU
		{B4045ECC-DD90-4EAB-AE33-779B933ED05D}.Release|Any CPU.ActiveCfg = Release|Any CPU
		{B4045ECC-DD90-4EAB-AE33-779B933ED05D}.Release|Any CPU.Build.0 = Release|Any CPU
		{B4045ECC-DD90-4EAB-AE33-779B933ED05D}.Release|x64.ActiveCfg = Release|Any CPU
		{B4045ECC-DD90-4EAB-AE33-779B933ED05D}.Release|x64.Build.0 = Release|Any CPU
		{B4045ECC-DD90-4EAB-AE33-779B933ED05D}.Release|x86.ActiveCfg = Release|Any CPU
		{B4045ECC-DD90-4EAB-AE33-779B933ED05D}.Release|x86.Build.0 = Release|Any CPU
		{1B71BAFF-E52F-45F2-99B1-911956D59441}.Debug|Any CPU.ActiveCfg = Debug|Any CPU
		{1B71BAFF-E52F-45F2-99B1-911956D59441}.Debug|Any CPU.Build.0 = Debug|Any CPU
		{1B71BAFF-E52F-45F2-99B1-911956D59441}.Debug|x64.ActiveCfg = Debug|Any CPU
		{1B71BAFF-E52F-45F2-99B1-911956D59441}.Debug|x64.Build.0 = Debug|Any CPU
		{1B71BAFF-E52F-45F2-99B1-911956D59441}.Debug|x86.ActiveCfg = Debug|Any CPU
		{1B71BAFF-E52F-45F2-99B1-911956D59441}.Debug|x86.Build.0 = Debug|Any CPU
		{1B71BAFF-E52F-45F2-99B1-911956D59441}.Release|Any CPU.ActiveCfg = Release|Any CPU
		{1B71BAFF-E52F-45F2-99B1-911956D59441}.Release|Any CPU.Build.0 = Release|Any CPU
		{1B71BAFF-E52F-45F2-99B1-911956D59441}.Release|x64.ActiveCfg = Release|Any CPU
		{1B71BAFF-E52F-45F2-99B1-911956D59441}.Release|x64.Build.0 = Release|Any CPU
		{1B71BAFF-E52F-45F2-99B1-911956D59441}.Release|x86.ActiveCfg = Release|Any CPU
		{1B71BAFF-E52F-45F2-99B1-911956D59441}.Release|x86.Build.0 = Release|Any CPU
		{50E73FD4-15A9-4584-98D3-1CC1576ACF4B}.Debug|Any CPU.ActiveCfg = Debug|Any CPU
		{50E73FD4-15A9-4584-98D3-1CC1576ACF4B}.Debug|Any CPU.Build.0 = Debug|Any CPU
		{50E73FD4-15A9-4584-98D3-1CC1576ACF4B}.Debug|x64.ActiveCfg = Debug|Any CPU
		{50E73FD4-15A9-4584-98D3-1CC1576ACF4B}.Debug|x64.Build.0 = Debug|Any CPU
		{50E73FD4-15A9-4584-98D3-1CC1576ACF4B}.Debug|x86.ActiveCfg = Debug|Any CPU
		{50E73FD4-15A9-4584-98D3-1CC1576ACF4B}.Debug|x86.Build.0 = Debug|Any CPU
		{50E73FD4-15A9-4584-98D3-1CC1576ACF4B}.Release|Any CPU.ActiveCfg = Release|Any CPU
		{50E73FD4-15A9-4584-98D3-1CC1576ACF4B}.Release|Any CPU.Build.0 = Release|Any CPU
		{50E73FD4-15A9-4584-98D3-1CC1576ACF4B}.Release|x64.ActiveCfg = Release|Any CPU
		{50E73FD4-15A9-4584-98D3-1CC1576ACF4B}.Release|x64.Build.0 = Release|Any CPU
		{50E73FD4-15A9-4584-98D3-1CC1576ACF4B}.Release|x86.ActiveCfg = Release|Any CPU
		{50E73FD4-15A9-4584-98D3-1CC1576ACF4B}.Release|x86.Build.0 = Release|Any CPU
		{CD2AAF40-86E9-4394-B0F6-373836AC946D}.Debug|Any CPU.ActiveCfg = Debug|Any CPU
		{CD2AAF40-86E9-4394-B0F6-373836AC946D}.Debug|Any CPU.Build.0 = Debug|Any CPU
		{CD2AAF40-86E9-4394-B0F6-373836AC946D}.Debug|x64.ActiveCfg = Debug|Any CPU
		{CD2AAF40-86E9-4394-B0F6-373836AC946D}.Debug|x64.Build.0 = Debug|Any CPU
		{CD2AAF40-86E9-4394-B0F6-373836AC946D}.Debug|x86.ActiveCfg = Debug|Any CPU
		{CD2AAF40-86E9-4394-B0F6-373836AC946D}.Debug|x86.Build.0 = Debug|Any CPU
		{CD2AAF40-86E9-4394-B0F6-373836AC946D}.Release|Any CPU.ActiveCfg = Release|Any CPU
		{CD2AAF40-86E9-4394-B0F6-373836AC946D}.Release|Any CPU.Build.0 = Release|Any CPU
		{CD2AAF40-86E9-4394-B0F6-373836AC946D}.Release|x64.ActiveCfg = Release|Any CPU
		{CD2AAF40-86E9-4394-B0F6-373836AC946D}.Release|x64.Build.0 = Release|Any CPU
		{CD2AAF40-86E9-4394-B0F6-373836AC946D}.Release|x86.ActiveCfg = Release|Any CPU
		{CD2AAF40-86E9-4394-B0F6-373836AC946D}.Release|x86.Build.0 = Release|Any CPU
		{F6842A74-5D3F-4123-815B-25BB03DC0216}.Debug|Any CPU.ActiveCfg = Debug|Any CPU
		{F6842A74-5D3F-4123-815B-25BB03DC0216}.Debug|Any CPU.Build.0 = Debug|Any CPU
		{F6842A74-5D3F-4123-815B-25BB03DC0216}.Debug|x64.ActiveCfg = Debug|Any CPU
		{F6842A74-5D3F-4123-815B-25BB03DC0216}.Debug|x64.Build.0 = Debug|Any CPU
		{F6842A74-5D3F-4123-815B-25BB03DC0216}.Debug|x86.ActiveCfg = Debug|Any CPU
		{F6842A74-5D3F-4123-815B-25BB03DC0216}.Debug|x86.Build.0 = Debug|Any CPU
		{F6842A74-5D3F-4123-815B-25BB03DC0216}.Release|Any CPU.ActiveCfg = Release|Any CPU
		{F6842A74-5D3F-4123-815B-25BB03DC0216}.Release|Any CPU.Build.0 = Release|Any CPU
		{F6842A74-5D3F-4123-815B-25BB03DC0216}.Release|x64.ActiveCfg = Release|Any CPU
		{F6842A74-5D3F-4123-815B-25BB03DC0216}.Release|x64.Build.0 = Release|Any CPU
		{F6842A74-5D3F-4123-815B-25BB03DC0216}.Release|x86.ActiveCfg = Release|Any CPU
		{F6842A74-5D3F-4123-815B-25BB03DC0216}.Release|x86.Build.0 = Release|Any CPU
		{ED4A5EE3-9DED-4790-80F9-50C8A89B0F02}.Debug|Any CPU.ActiveCfg = Debug|Any CPU
		{ED4A5EE3-9DED-4790-80F9-50C8A89B0F02}.Debug|Any CPU.Build.0 = Debug|Any CPU
		{ED4A5EE3-9DED-4790-80F9-50C8A89B0F02}.Debug|x64.ActiveCfg = Debug|Any CPU
		{ED4A5EE3-9DED-4790-80F9-50C8A89B0F02}.Debug|x64.Build.0 = Debug|Any CPU
		{ED4A5EE3-9DED-4790-80F9-50C8A89B0F02}.Debug|x86.ActiveCfg = Debug|Any CPU
		{ED4A5EE3-9DED-4790-80F9-50C8A89B0F02}.Debug|x86.Build.0 = Debug|Any CPU
		{ED4A5EE3-9DED-4790-80F9-50C8A89B0F02}.Release|Any CPU.ActiveCfg = Release|Any CPU
		{ED4A5EE3-9DED-4790-80F9-50C8A89B0F02}.Release|Any CPU.Build.0 = Release|Any CPU
		{ED4A5EE3-9DED-4790-80F9-50C8A89B0F02}.Release|x64.ActiveCfg = Release|Any CPU
		{ED4A5EE3-9DED-4790-80F9-50C8A89B0F02}.Release|x64.Build.0 = Release|Any CPU
		{ED4A5EE3-9DED-4790-80F9-50C8A89B0F02}.Release|x86.ActiveCfg = Release|Any CPU
		{ED4A5EE3-9DED-4790-80F9-50C8A89B0F02}.Release|x86.Build.0 = Release|Any CPU
		{38BFB962-5D81-472D-981B-77F71A3056FC}.Debug|Any CPU.ActiveCfg = Debug|Any CPU
		{38BFB962-5D81-472D-981B-77F71A3056FC}.Debug|Any CPU.Build.0 = Debug|Any CPU
		{38BFB962-5D81-472D-981B-77F71A3056FC}.Debug|x64.ActiveCfg = Debug|Any CPU
		{38BFB962-5D81-472D-981B-77F71A3056FC}.Debug|x64.Build.0 = Debug|Any CPU
		{38BFB962-5D81-472D-981B-77F71A3056FC}.Debug|x86.ActiveCfg = Debug|Any CPU
		{38BFB962-5D81-472D-981B-77F71A3056FC}.Debug|x86.Build.0 = Debug|Any CPU
		{38BFB962-5D81-472D-981B-77F71A3056FC}.Release|Any CPU.ActiveCfg = Release|Any CPU
		{38BFB962-5D81-472D-981B-77F71A3056FC}.Release|Any CPU.Build.0 = Release|Any CPU
		{38BFB962-5D81-472D-981B-77F71A3056FC}.Release|x64.ActiveCfg = Release|Any CPU
		{38BFB962-5D81-472D-981B-77F71A3056FC}.Release|x64.Build.0 = Release|Any CPU
		{38BFB962-5D81-472D-981B-77F71A3056FC}.Release|x86.ActiveCfg = Release|Any CPU
		{38BFB962-5D81-472D-981B-77F71A3056FC}.Release|x86.Build.0 = Release|Any CPU
		{514E220C-5BED-4976-9BED-64332A6A8DC1}.Debug|Any CPU.ActiveCfg = Debug|Any CPU
		{514E220C-5BED-4976-9BED-64332A6A8DC1}.Debug|Any CPU.Build.0 = Debug|Any CPU
		{514E220C-5BED-4976-9BED-64332A6A8DC1}.Debug|x64.ActiveCfg = Debug|Any CPU
		{514E220C-5BED-4976-9BED-64332A6A8DC1}.Debug|x64.Build.0 = Debug|Any CPU
		{514E220C-5BED-4976-9BED-64332A6A8DC1}.Debug|x86.ActiveCfg = Debug|Any CPU
		{514E220C-5BED-4976-9BED-64332A6A8DC1}.Debug|x86.Build.0 = Debug|Any CPU
		{514E220C-5BED-4976-9BED-64332A6A8DC1}.Release|Any CPU.ActiveCfg = Release|Any CPU
		{514E220C-5BED-4976-9BED-64332A6A8DC1}.Release|Any CPU.Build.0 = Release|Any CPU
		{514E220C-5BED-4976-9BED-64332A6A8DC1}.Release|x64.ActiveCfg = Release|Any CPU
		{514E220C-5BED-4976-9BED-64332A6A8DC1}.Release|x64.Build.0 = Release|Any CPU
		{514E220C-5BED-4976-9BED-64332A6A8DC1}.Release|x86.ActiveCfg = Release|Any CPU
		{514E220C-5BED-4976-9BED-64332A6A8DC1}.Release|x86.Build.0 = Release|Any CPU
		{269B6578-BBB7-4F1E-9452-40254C511994}.Debug|Any CPU.ActiveCfg = Debug|Any CPU
		{269B6578-BBB7-4F1E-9452-40254C511994}.Debug|Any CPU.Build.0 = Debug|Any CPU
		{269B6578-BBB7-4F1E-9452-40254C511994}.Debug|x64.ActiveCfg = Debug|Any CPU
		{269B6578-BBB7-4F1E-9452-40254C511994}.Debug|x64.Build.0 = Debug|Any CPU
		{269B6578-BBB7-4F1E-9452-40254C511994}.Debug|x86.ActiveCfg = Debug|Any CPU
		{269B6578-BBB7-4F1E-9452-40254C511994}.Debug|x86.Build.0 = Debug|Any CPU
		{269B6578-BBB7-4F1E-9452-40254C511994}.Release|Any CPU.ActiveCfg = Release|Any CPU
		{269B6578-BBB7-4F1E-9452-40254C511994}.Release|Any CPU.Build.0 = Release|Any CPU
		{269B6578-BBB7-4F1E-9452-40254C511994}.Release|x64.ActiveCfg = Release|Any CPU
		{269B6578-BBB7-4F1E-9452-40254C511994}.Release|x64.Build.0 = Release|Any CPU
		{269B6578-BBB7-4F1E-9452-40254C511994}.Release|x86.ActiveCfg = Release|Any CPU
		{269B6578-BBB7-4F1E-9452-40254C511994}.Release|x86.Build.0 = Release|Any CPU
		{AFC235B9-74FA-4796-8A6C-E74F42BFC2CA}.Debug|Any CPU.ActiveCfg = Debug|Any CPU
		{AFC235B9-74FA-4796-8A6C-E74F42BFC2CA}.Debug|Any CPU.Build.0 = Debug|Any CPU
		{AFC235B9-74FA-4796-8A6C-E74F42BFC2CA}.Debug|x64.ActiveCfg = Debug|Any CPU
		{AFC235B9-74FA-4796-8A6C-E74F42BFC2CA}.Debug|x64.Build.0 = Debug|Any CPU
		{AFC235B9-74FA-4796-8A6C-E74F42BFC2CA}.Debug|x86.ActiveCfg = Debug|Any CPU
		{AFC235B9-74FA-4796-8A6C-E74F42BFC2CA}.Debug|x86.Build.0 = Debug|Any CPU
		{AFC235B9-74FA-4796-8A6C-E74F42BFC2CA}.Release|Any CPU.ActiveCfg = Release|Any CPU
		{AFC235B9-74FA-4796-8A6C-E74F42BFC2CA}.Release|Any CPU.Build.0 = Release|Any CPU
		{AFC235B9-74FA-4796-8A6C-E74F42BFC2CA}.Release|x64.ActiveCfg = Release|Any CPU
		{AFC235B9-74FA-4796-8A6C-E74F42BFC2CA}.Release|x64.Build.0 = Release|Any CPU
		{AFC235B9-74FA-4796-8A6C-E74F42BFC2CA}.Release|x86.ActiveCfg = Release|Any CPU
		{AFC235B9-74FA-4796-8A6C-E74F42BFC2CA}.Release|x86.Build.0 = Release|Any CPU
		{0D1990A8-0666-41D5-B5D4-0D806556D8A4}.Debug|Any CPU.ActiveCfg = Debug|Any CPU
		{0D1990A8-0666-41D5-B5D4-0D806556D8A4}.Debug|Any CPU.Build.0 = Debug|Any CPU
		{0D1990A8-0666-41D5-B5D4-0D806556D8A4}.Debug|x64.ActiveCfg = Debug|Any CPU
		{0D1990A8-0666-41D5-B5D4-0D806556D8A4}.Debug|x64.Build.0 = Debug|Any CPU
		{0D1990A8-0666-41D5-B5D4-0D806556D8A4}.Debug|x86.ActiveCfg = Debug|Any CPU
		{0D1990A8-0666-41D5-B5D4-0D806556D8A4}.Debug|x86.Build.0 = Debug|Any CPU
		{0D1990A8-0666-41D5-B5D4-0D806556D8A4}.Release|Any CPU.ActiveCfg = Release|Any CPU
		{0D1990A8-0666-41D5-B5D4-0D806556D8A4}.Release|Any CPU.Build.0 = Release|Any CPU
		{0D1990A8-0666-41D5-B5D4-0D806556D8A4}.Release|x64.ActiveCfg = Release|Any CPU
		{0D1990A8-0666-41D5-B5D4-0D806556D8A4}.Release|x64.Build.0 = Release|Any CPU
		{0D1990A8-0666-41D5-B5D4-0D806556D8A4}.Release|x86.ActiveCfg = Release|Any CPU
		{0D1990A8-0666-41D5-B5D4-0D806556D8A4}.Release|x86.Build.0 = Release|Any CPU
		{4ADCC32A-FEA7-4B8A-825D-37A6F0A380CA}.Debug|Any CPU.ActiveCfg = Debug|Any CPU
		{4ADCC32A-FEA7-4B8A-825D-37A6F0A380CA}.Debug|Any CPU.Build.0 = Debug|Any CPU
		{4ADCC32A-FEA7-4B8A-825D-37A6F0A380CA}.Debug|x64.ActiveCfg = Debug|Any CPU
		{4ADCC32A-FEA7-4B8A-825D-37A6F0A380CA}.Debug|x64.Build.0 = Debug|Any CPU
		{4ADCC32A-FEA7-4B8A-825D-37A6F0A380CA}.Debug|x86.ActiveCfg = Debug|Any CPU
		{4ADCC32A-FEA7-4B8A-825D-37A6F0A380CA}.Debug|x86.Build.0 = Debug|Any CPU
		{4ADCC32A-FEA7-4B8A-825D-37A6F0A380CA}.Release|Any CPU.ActiveCfg = Release|Any CPU
		{4ADCC32A-FEA7-4B8A-825D-37A6F0A380CA}.Release|Any CPU.Build.0 = Release|Any CPU
		{4ADCC32A-FEA7-4B8A-825D-37A6F0A380CA}.Release|x64.ActiveCfg = Release|Any CPU
		{4ADCC32A-FEA7-4B8A-825D-37A6F0A380CA}.Release|x64.Build.0 = Release|Any CPU
		{4ADCC32A-FEA7-4B8A-825D-37A6F0A380CA}.Release|x86.ActiveCfg = Release|Any CPU
		{4ADCC32A-FEA7-4B8A-825D-37A6F0A380CA}.Release|x86.Build.0 = Release|Any CPU
		{BFDE4054-7D6F-446C-B0D4-28D1051290FD}.Debug|Any CPU.ActiveCfg = Debug|Any CPU
		{BFDE4054-7D6F-446C-B0D4-28D1051290FD}.Debug|Any CPU.Build.0 = Debug|Any CPU
		{BFDE4054-7D6F-446C-B0D4-28D1051290FD}.Debug|x64.ActiveCfg = Debug|Any CPU
		{BFDE4054-7D6F-446C-B0D4-28D1051290FD}.Debug|x64.Build.0 = Debug|Any CPU
		{BFDE4054-7D6F-446C-B0D4-28D1051290FD}.Debug|x86.ActiveCfg = Debug|Any CPU
		{BFDE4054-7D6F-446C-B0D4-28D1051290FD}.Debug|x86.Build.0 = Debug|Any CPU
		{BFDE4054-7D6F-446C-B0D4-28D1051290FD}.Release|Any CPU.ActiveCfg = Release|Any CPU
		{BFDE4054-7D6F-446C-B0D4-28D1051290FD}.Release|Any CPU.Build.0 = Release|Any CPU
		{BFDE4054-7D6F-446C-B0D4-28D1051290FD}.Release|x64.ActiveCfg = Release|Any CPU
		{BFDE4054-7D6F-446C-B0D4-28D1051290FD}.Release|x64.Build.0 = Release|Any CPU
		{BFDE4054-7D6F-446C-B0D4-28D1051290FD}.Release|x86.ActiveCfg = Release|Any CPU
		{BFDE4054-7D6F-446C-B0D4-28D1051290FD}.Release|x86.Build.0 = Release|Any CPU
		{847F2DB5-3FEB-4FCC-9C72-E3412D573E0B}.Debug|Any CPU.ActiveCfg = Debug|Any CPU
		{847F2DB5-3FEB-4FCC-9C72-E3412D573E0B}.Debug|Any CPU.Build.0 = Debug|Any CPU
		{847F2DB5-3FEB-4FCC-9C72-E3412D573E0B}.Debug|x64.ActiveCfg = Debug|Any CPU
		{847F2DB5-3FEB-4FCC-9C72-E3412D573E0B}.Debug|x64.Build.0 = Debug|Any CPU
		{847F2DB5-3FEB-4FCC-9C72-E3412D573E0B}.Debug|x86.ActiveCfg = Debug|Any CPU
		{847F2DB5-3FEB-4FCC-9C72-E3412D573E0B}.Debug|x86.Build.0 = Debug|Any CPU
		{847F2DB5-3FEB-4FCC-9C72-E3412D573E0B}.Release|Any CPU.ActiveCfg = Release|Any CPU
		{847F2DB5-3FEB-4FCC-9C72-E3412D573E0B}.Release|Any CPU.Build.0 = Release|Any CPU
		{847F2DB5-3FEB-4FCC-9C72-E3412D573E0B}.Release|x64.ActiveCfg = Release|Any CPU
		{847F2DB5-3FEB-4FCC-9C72-E3412D573E0B}.Release|x64.Build.0 = Release|Any CPU
		{847F2DB5-3FEB-4FCC-9C72-E3412D573E0B}.Release|x86.ActiveCfg = Release|Any CPU
		{847F2DB5-3FEB-4FCC-9C72-E3412D573E0B}.Release|x86.Build.0 = Release|Any CPU
		{C92938A8-1244-428B-A991-E77771B6B9B0}.Debug|Any CPU.ActiveCfg = Debug|Any CPU
		{C92938A8-1244-428B-A991-E77771B6B9B0}.Debug|Any CPU.Build.0 = Debug|Any CPU
		{C92938A8-1244-428B-A991-E77771B6B9B0}.Debug|x64.ActiveCfg = Debug|Any CPU
		{C92938A8-1244-428B-A991-E77771B6B9B0}.Debug|x64.Build.0 = Debug|Any CPU
		{C92938A8-1244-428B-A991-E77771B6B9B0}.Debug|x86.ActiveCfg = Debug|Any CPU
		{C92938A8-1244-428B-A991-E77771B6B9B0}.Debug|x86.Build.0 = Debug|Any CPU
		{C92938A8-1244-428B-A991-E77771B6B9B0}.Release|Any CPU.ActiveCfg = Release|Any CPU
		{C92938A8-1244-428B-A991-E77771B6B9B0}.Release|Any CPU.Build.0 = Release|Any CPU
		{C92938A8-1244-428B-A991-E77771B6B9B0}.Release|x64.ActiveCfg = Release|Any CPU
		{C92938A8-1244-428B-A991-E77771B6B9B0}.Release|x64.Build.0 = Release|Any CPU
		{C92938A8-1244-428B-A991-E77771B6B9B0}.Release|x86.ActiveCfg = Release|Any CPU
		{C92938A8-1244-428B-A991-E77771B6B9B0}.Release|x86.Build.0 = Release|Any CPU
		{E5EE7203-3750-498E-A6D3-9F37EA76CFDA}.Debug|Any CPU.ActiveCfg = Debug|Any CPU
		{E5EE7203-3750-498E-A6D3-9F37EA76CFDA}.Debug|Any CPU.Build.0 = Debug|Any CPU
		{E5EE7203-3750-498E-A6D3-9F37EA76CFDA}.Debug|x64.ActiveCfg = Debug|Any CPU
		{E5EE7203-3750-498E-A6D3-9F37EA76CFDA}.Debug|x64.Build.0 = Debug|Any CPU
		{E5EE7203-3750-498E-A6D3-9F37EA76CFDA}.Debug|x86.ActiveCfg = Debug|Any CPU
		{E5EE7203-3750-498E-A6D3-9F37EA76CFDA}.Debug|x86.Build.0 = Debug|Any CPU
		{E5EE7203-3750-498E-A6D3-9F37EA76CFDA}.Release|Any CPU.ActiveCfg = Release|Any CPU
		{E5EE7203-3750-498E-A6D3-9F37EA76CFDA}.Release|Any CPU.Build.0 = Release|Any CPU
		{E5EE7203-3750-498E-A6D3-9F37EA76CFDA}.Release|x64.ActiveCfg = Release|Any CPU
		{E5EE7203-3750-498E-A6D3-9F37EA76CFDA}.Release|x64.Build.0 = Release|Any CPU
		{E5EE7203-3750-498E-A6D3-9F37EA76CFDA}.Release|x86.ActiveCfg = Release|Any CPU
		{E5EE7203-3750-498E-A6D3-9F37EA76CFDA}.Release|x86.Build.0 = Release|Any CPU
		{7F8A7667-48E2-4059-A0D7-78A2B53D8F8E}.Debug|Any CPU.ActiveCfg = Debug|Any CPU
		{7F8A7667-48E2-4059-A0D7-78A2B53D8F8E}.Debug|Any CPU.Build.0 = Debug|Any CPU
		{7F8A7667-48E2-4059-A0D7-78A2B53D8F8E}.Debug|x64.ActiveCfg = Debug|Any CPU
		{7F8A7667-48E2-4059-A0D7-78A2B53D8F8E}.Debug|x64.Build.0 = Debug|Any CPU
		{7F8A7667-48E2-4059-A0D7-78A2B53D8F8E}.Debug|x86.ActiveCfg = Debug|Any CPU
		{7F8A7667-48E2-4059-A0D7-78A2B53D8F8E}.Debug|x86.Build.0 = Debug|Any CPU
		{7F8A7667-48E2-4059-A0D7-78A2B53D8F8E}.Release|Any CPU.ActiveCfg = Release|Any CPU
		{7F8A7667-48E2-4059-A0D7-78A2B53D8F8E}.Release|Any CPU.Build.0 = Release|Any CPU
		{7F8A7667-48E2-4059-A0D7-78A2B53D8F8E}.Release|x64.ActiveCfg = Release|Any CPU
		{7F8A7667-48E2-4059-A0D7-78A2B53D8F8E}.Release|x64.Build.0 = Release|Any CPU
		{7F8A7667-48E2-4059-A0D7-78A2B53D8F8E}.Release|x86.ActiveCfg = Release|Any CPU
		{7F8A7667-48E2-4059-A0D7-78A2B53D8F8E}.Release|x86.Build.0 = Release|Any CPU
	EndGlobalSection
	GlobalSection(SolutionProperties) = preSolution
		HideSolutionNode = FALSE
	EndGlobalSection
	GlobalSection(NestedProjects) = preSolution
		{2927F49F-901E-4102-B1A9-044DEA46E63C} = {C19C2043-43B7-4A6B-A902-E7359700ABC4}
		{4838E7D9-4E79-4755-BDCD-7FE672124500} = {9B4F9847-D589-4671-9EB6-5E8A6E14F6E7}
		{B4A2410A-F920-499B-AB49-CE4D4B461A86} = {DF10EB10-E8EA-11E9-BA4B-E9B8B07D51EC}
		{B63168B8-ACEF-4874-BF9E-11496A1E1B9A} = {C19C2043-43B7-4A6B-A902-E7359700ABC4}
		{302C1D29-A432-4925-928F-955803D0137B} = {C19C2043-43B7-4A6B-A902-E7359700ABC4}
		{E00D2DA7-1183-4C12-826F-40B83E835685} = {C19C2043-43B7-4A6B-A902-E7359700ABC4}
		{8A013AA3-7957-4463-A337-7BE46BB11260} = {C19C2043-43B7-4A6B-A902-E7359700ABC4}
		{0071E324-9679-4713-A92E-27C3A2F7C4A9} = {C19C2043-43B7-4A6B-A902-E7359700ABC4}
		{64664BA8-F79E-4ACC-ABC9-3CA77FE7AA9B} = {C19C2043-43B7-4A6B-A902-E7359700ABC4}
		{50FCE47E-25EC-45CF-B33E-CFAEC279D18E} = {C19C2043-43B7-4A6B-A902-E7359700ABC4}
		{B4045ECC-DD90-4EAB-AE33-779B933ED05D} = {C19C2043-43B7-4A6B-A902-E7359700ABC4}
		{1B71BAFF-E52F-45F2-99B1-911956D59441} = {9B4F9847-D589-4671-9EB6-5E8A6E14F6E7}
		{50E73FD4-15A9-4584-98D3-1CC1576ACF4B} = {9B4F9847-D589-4671-9EB6-5E8A6E14F6E7}
		{CD2AAF40-86E9-4394-B0F6-373836AC946D} = {9B4F9847-D589-4671-9EB6-5E8A6E14F6E7}
		{F6842A74-5D3F-4123-815B-25BB03DC0216} = {9B4F9847-D589-4671-9EB6-5E8A6E14F6E7}
		{ED4A5EE3-9DED-4790-80F9-50C8A89B0F02} = {9B4F9847-D589-4671-9EB6-5E8A6E14F6E7}
		{38BFB962-5D81-472D-981B-77F71A3056FC} = {9B4F9847-D589-4671-9EB6-5E8A6E14F6E7}
		{514E220C-5BED-4976-9BED-64332A6A8DC1} = {9B4F9847-D589-4671-9EB6-5E8A6E14F6E7}
		{269B6578-BBB7-4F1E-9452-40254C511994} = {C19C2043-43B7-4A6B-A902-E7359700ABC4}
		{AFC235B9-74FA-4796-8A6C-E74F42BFC2CA} = {C19C2043-43B7-4A6B-A902-E7359700ABC4}
		{0D1990A8-0666-41D5-B5D4-0D806556D8A4} = {9B4F9847-D589-4671-9EB6-5E8A6E14F6E7}
		{4ADCC32A-FEA7-4B8A-825D-37A6F0A380CA} = {9B4F9847-D589-4671-9EB6-5E8A6E14F6E7}
		{BFDE4054-7D6F-446C-B0D4-28D1051290FD} = {C19C2043-43B7-4A6B-A902-E7359700ABC4}
		{847F2DB5-3FEB-4FCC-9C72-E3412D573E0B} = {C19C2043-43B7-4A6B-A902-E7359700ABC4}
		{C92938A8-1244-428B-A991-E77771B6B9B0} = {C19C2043-43B7-4A6B-A902-E7359700ABC4}
		{E5EE7203-3750-498E-A6D3-9F37EA76CFDA} = {C19C2043-43B7-4A6B-A902-E7359700ABC4}
		{7F8A7667-48E2-4059-A0D7-78A2B53D8F8E} = {C19C2043-43B7-4A6B-A902-E7359700ABC4}
	EndGlobalSection
	GlobalSection(ExtensibilityGlobals) = postSolution
		SolutionGuid = {B68343BD-0CC7-4F34-90B7-74E240CA9D1E}
	EndGlobalSection
EndGlobal
