
Microsoft Visual Studio Solution File, Format Version 12.00
# Visual Studio Version 16
VisualStudioVersion = 16.0.29230.47
MinimumVisualStudioVersion = 10.0.40219.1
Project("{FAE04EC0-301F-11D3-BF4B-00C04F79EFBC}") = "eQuantic.Core.CQS", "eQuantic.Core.CQS\eQuantic.Core.CQS.csproj", "{2927F49F-901E-4102-B1A9-044DEA46E63C}"
EndProject
Project("{FAE04EC0-301F-11D3-BF4B-00C04F79EFBC}") = "eQuantic.Core.CQS.Tests", "eQuantic.Core.CQS.Tests\eQuantic.Core.CQS.Tests.csproj", "{4838E7D9-4E79-4755-BDCD-7FE672124500}"
EndProject
Global
	GlobalSection(SolutionConfigurationPlatforms) = preSolution
		Debug|Any CPU = Debug|Any CPU
		Release|Any CPU = Release|Any CPU
	EndGlobalSection
	GlobalSection(ProjectConfigurationPlatforms) = postSolution
		{2927F49F-901E-4102-B1A9-044DEA46E63C}.Debug|Any CPU.ActiveCfg = Debug|Any CPU
		{2927F49F-901E-4102-B1A9-044DEA46E63C}.Debug|Any CPU.Build.0 = Debug|Any CPU
		{2927F49F-901E-4102-B1A9-044DEA46E63C}.Release|Any CPU.ActiveCfg = Release|Any CPU
		{2927F49F-901E-4102-B1A9-044DEA46E63C}.Release|Any CPU.Build.0 = Release|Any CPU
		{4838E7D9-4E79-4755-BDCD-7FE672124500}.Debug|Any CPU.ActiveCfg = Debug|Any CPU
		{4838E7D9-4E79-4755-BDCD-7FE672124500}.Debug|Any CPU.Build.0 = Debug|Any CPU
		{4838E7D9-4E79-4755-BDCD-7FE672124500}.Release|Any CPU.ActiveCfg = Release|Any CPU
		{4838E7D9-4E79-4755-BDCD-7FE672124500}.Release|Any CPU.Build.0 = Release|Any CPU
	EndGlobalSection
	GlobalSection(SolutionProperties) = preSolution
		HideSolutionNode = FALSE
	EndGlobalSection
	GlobalSection(ExtensibilityGlobals) = postSolution
		SolutionGuid = {B68343BD-0CC7-4F34-90B7-74E240CA9D1E}
	EndGlobalSection
EndGlobal
